
Microsoft Visual Studio Solution File, Format Version 12.00
# Visual Studio Version 17
VisualStudioVersion = 17.5.002.0
MinimumVisualStudioVersion = 10.0.40219.1
Project("{9A19103F-16F7-4668-BE54-9A1E7A4F7556}") = "PierresMarket.Tests", "PierresMarket.Tests\PierresMarket.Tests.csproj", "{65C71BB0-A5F8-43BD-AAC6-7F528FF2FDDF}"
EndProject
Project("{9A19103F-16F7-4668-BE54-9A1E7A4F7556}") = "PierresMarket", "PierresMarket\PierresMarket.csproj", "{45385C38-00E9-4BA7-B685-F574AF5EC122}"
EndProject
Global
	GlobalSection(SolutionConfigurationPlatforms) = preSolution
		Debug|Any CPU = Debug|Any CPU
		Release|Any CPU = Release|Any CPU
	EndGlobalSection
	GlobalSection(ProjectConfigurationPlatforms) = postSolution
		{65C71BB0-A5F8-43BD-AAC6-7F528FF2FDDF}.Debug|Any CPU.ActiveCfg = Debug|Any CPU
		{65C71BB0-A5F8-43BD-AAC6-7F528FF2FDDF}.Debug|Any CPU.Build.0 = Debug|Any CPU
		{65C71BB0-A5F8-43BD-AAC6-7F528FF2FDDF}.Release|Any CPU.ActiveCfg = Release|Any CPU
		{65C71BB0-A5F8-43BD-AAC6-7F528FF2FDDF}.Release|Any CPU.Build.0 = Release|Any CPU
		{45385C38-00E9-4BA7-B685-F574AF5EC122}.Debug|Any CPU.ActiveCfg = Debug|Any CPU
		{45385C38-00E9-4BA7-B685-F574AF5EC122}.Debug|Any CPU.Build.0 = Debug|Any CPU
		{45385C38-00E9-4BA7-B685-F574AF5EC122}.Release|Any CPU.ActiveCfg = Release|Any CPU
		{45385C38-00E9-4BA7-B685-F574AF5EC122}.Release|Any CPU.Build.0 = Release|Any CPU
	EndGlobalSection
	GlobalSection(SolutionProperties) = preSolution
		HideSolutionNode = FALSE
	EndGlobalSection
	GlobalSection(ExtensibilityGlobals) = postSolution
		SolutionGuid = {99435A86-9365-4E8F-8F65-9DF6631A5BE8}
	EndGlobalSection
EndGlobal
