
Microsoft Visual Studio Solution File, Format Version 12.00
# Visual Studio Version 17
VisualStudioVersion = 17.5.002.0
MinimumVisualStudioVersion = 10.0.40219.1
Project("{9A19103F-16F7-4668-BE54-9A1E7A4F7556}") = "PierresMarket.Tests", "PierresMarket.Tests\PierresMarket.Tests.csproj", "{07A8634C-4717-4BDF-8885-FB7DB82415C0}"
EndProject
Project("{9A19103F-16F7-4668-BE54-9A1E7A4F7556}") = "PierresMarket", "PierresMarket\PierresMarket.csproj", "{CC75DA0E-CDCE-4AF4-BF22-E5DC78EF8772}"
EndProject
Global
	GlobalSection(SolutionConfigurationPlatforms) = preSolution
		Debug|Any CPU = Debug|Any CPU
		Release|Any CPU = Release|Any CPU
	EndGlobalSection
	GlobalSection(ProjectConfigurationPlatforms) = postSolution
		{07A8634C-4717-4BDF-8885-FB7DB82415C0}.Debug|Any CPU.ActiveCfg = Debug|Any CPU
		{07A8634C-4717-4BDF-8885-FB7DB82415C0}.Debug|Any CPU.Build.0 = Debug|Any CPU
		{07A8634C-4717-4BDF-8885-FB7DB82415C0}.Release|Any CPU.ActiveCfg = Release|Any CPU
		{07A8634C-4717-4BDF-8885-FB7DB82415C0}.Release|Any CPU.Build.0 = Release|Any CPU
		{CC75DA0E-CDCE-4AF4-BF22-E5DC78EF8772}.Debug|Any CPU.ActiveCfg = Debug|Any CPU
		{CC75DA0E-CDCE-4AF4-BF22-E5DC78EF8772}.Debug|Any CPU.Build.0 = Debug|Any CPU
		{CC75DA0E-CDCE-4AF4-BF22-E5DC78EF8772}.Release|Any CPU.ActiveCfg = Release|Any CPU
		{CC75DA0E-CDCE-4AF4-BF22-E5DC78EF8772}.Release|Any CPU.Build.0 = Release|Any CPU
	EndGlobalSection
	GlobalSection(SolutionProperties) = preSolution
		HideSolutionNode = FALSE
	EndGlobalSection
	GlobalSection(ExtensibilityGlobals) = postSolution
		SolutionGuid = {606D87FA-487E-41E6-ACB6-2B07F2273960}
	EndGlobalSection
EndGlobal
